# @generated by Move, please check-in and do not edit manually.

[move]
version = 0
manifest_digest = "2FF7D0E1462BFF0B65EC69435E9AEDD0FDE60F29A49C4AEC1AF71A5708EF86DA"
deps_digest = "F8BBB0CCB2491CA29A3DF03D6F92277A4F3574266507ACD77214D37ECA3F3082"

dependencies = [
  { name = "Sui" },
]

[[move.package]]
name = "MoveStdlib"
source = { local = "deps/move-stdlib" }

[[move.package]]
name = "Sui"
source = { local = "deps/sui-framework" }

dependencies = [
  { name = "MoveStdlib" },
]
