# @generated by Move, please check-in and do not edit manually.

[move]
version = 0
manifest_digest = "BCA94FD11772C0CDCD7DA76115644FFF2C45778842D5A4E5C52C6D43B0759AA6"
deps_digest = "F8BBB0CCB2491CA29A3DF03D6F92277A4F3574266507ACD77214D37ECA3F3082"

dependencies = [
  { name = "Sui" },
]

[[move.package]]
name = "MoveStdlib"
source = { local = "deps/move-stdlib" }

[[move.package]]
name = "Sui"
source = { local = "deps/sui-framework" }

dependencies = [
  { name = "MoveStdlib" },
]
