# @generated by Move, please check-in and do not edit manually.

[move]
version = 0
manifest_digest = "3699D74DC3B1B2786A6D6C8165D7F670A9409B4C5E7F6ED4228703AB3446E2E3"
deps_digest = "F8BBB0CCB2491CA29A3DF03D6F92277A4F3574266507ACD77214D37ECA3F3082"

dependencies = [
  { name = "Sui" },
]

[[move.package]]
name = "MoveStdlib"
source = { local = "deps/move-stdlib" }

[[move.package]]
name = "Sui"
source = { local = "deps/sui-framework" }

dependencies = [
  { name = "MoveStdlib" },
]
