# @generated by Move, please check-in and do not edit manually.

[move]
version = 0
manifest_digest = "5237A9D6506BB808CAF08F455453F5A531CF2FACC0F97928C191C9D2BC239982"
deps_digest = "F8BBB0CCB2491CA29A3DF03D6F92277A4F3574266507ACD77214D37ECA3F3082"

dependencies = [
  { name = "Sui" },
]

[[move.package]]
name = "MoveStdlib"
source = { local = "deps/move-stdlib" }

[[move.package]]
name = "Sui"
source = { local = "deps/sui-framework" }

dependencies = [
  { name = "MoveStdlib" },
]
